
Microsoft Visual Studio Solution File, Format Version 12.00
# Visual Studio Version 17
VisualStudioVersion = 17.12.35527.113 d17.12
MinimumVisualStudioVersion = 10.0.40219.1
Project("{FAE04EC0-301F-11D3-BF4B-00C04F79EFBC}") = "ProductService.Api", "ProductService.Api.csproj", "{288884C1-EEBF-4BE5-B40D-9F2CD8FADBAF}"
EndProject
Project("{FAE04EC0-301F-11D3-BF4B-00C04F79EFBC}") = "ProductService.Domain", "..\ProductService.Domain\ProductService.Domain.csproj", "{1133A36F-50A5-4E34-8722-02DC214C2B9E}"
EndProject
Project("{FAE04EC0-301F-11D3-BF4B-00C04F79EFBC}") = "ProductService.Application", "..\ProductService.Application\ProductService.Application.csproj", "{A617F23F-D8C1-43FB-95BC-08A7DBF4A67C}"
EndProject
Project("{FAE04EC0-301F-11D3-BF4B-00C04F79EFBC}") = "ProductService.Infrastructure", "..\ProductService.Infrastructure\ProductService.Infrastructure.csproj", "{E4944666-83C1-4850-B03B-3BBD9C146001}"
EndProject
Global
	GlobalSection(SolutionConfigurationPlatforms) = preSolution
		Debug|Any CPU = Debug|Any CPU
		Release|Any CPU = Release|Any CPU
	EndGlobalSection
	GlobalSection(ProjectConfigurationPlatforms) = postSolution
		{288884C1-EEBF-4BE5-B40D-9F2CD8FADBAF}.Debug|Any CPU.ActiveCfg = Debug|Any CPU
		{288884C1-EEBF-4BE5-B40D-9F2CD8FADBAF}.Debug|Any CPU.Build.0 = Debug|Any CPU
		{288884C1-EEBF-4BE5-B40D-9F2CD8FADBAF}.Release|Any CPU.ActiveCfg = Release|Any CPU
		{288884C1-EEBF-4BE5-B40D-9F2CD8FADBAF}.Release|Any CPU.Build.0 = Release|Any CPU
		{1133A36F-50A5-4E34-8722-02DC214C2B9E}.Debug|Any CPU.ActiveCfg = Debug|Any CPU
		{1133A36F-50A5-4E34-8722-02DC214C2B9E}.Debug|Any CPU.Build.0 = Debug|Any CPU
		{1133A36F-50A5-4E34-8722-02DC214C2B9E}.Release|Any CPU.ActiveCfg = Release|Any CPU
		{1133A36F-50A5-4E34-8722-02DC214C2B9E}.Release|Any CPU.Build.0 = Release|Any CPU
		{A617F23F-D8C1-43FB-95BC-08A7DBF4A67C}.Debug|Any CPU.ActiveCfg = Debug|Any CPU
		{A617F23F-D8C1-43FB-95BC-08A7DBF4A67C}.Debug|Any CPU.Build.0 = Debug|Any CPU
		{A617F23F-D8C1-43FB-95BC-08A7DBF4A67C}.Release|Any CPU.ActiveCfg = Release|Any CPU
		{A617F23F-D8C1-43FB-95BC-08A7DBF4A67C}.Release|Any CPU.Build.0 = Release|Any CPU
		{E4944666-83C1-4850-B03B-3BBD9C146001}.Debug|Any CPU.ActiveCfg = Debug|Any CPU
		{E4944666-83C1-4850-B03B-3BBD9C146001}.Debug|Any CPU.Build.0 = Debug|Any CPU
		{E4944666-83C1-4850-B03B-3BBD9C146001}.Release|Any CPU.ActiveCfg = Release|Any CPU
		{E4944666-83C1-4850-B03B-3BBD9C146001}.Release|Any CPU.Build.0 = Release|Any CPU
	EndGlobalSection
	GlobalSection(SolutionProperties) = preSolution
		HideSolutionNode = FALSE
	EndGlobalSection
EndGlobal
